
Microsoft Visual Studio Solution File, Format Version 12.00
# Visual Studio Version 17
VisualStudioVersion = 17.10.35027.167
MinimumVisualStudioVersion = 10.0.40219.1
Project("{8BC9CEB8-8B4A-11D0-8D11-00A0C91BC942}") = "Source", "Source\Source.vcxproj", "{DA71062D-9FC3-4E45-8CA9-6D78A0B1A84C}"
EndProject
Global
	GlobalSection(SolutionConfigurationPlatforms) = preSolution
		Debug|x64 = Debug|x64
		Debug|x86 = Debug|x86
		Release|x64 = Release|x64
		Release|x86 = Release|x86
	EndGlobalSection
	GlobalSection(ProjectConfigurationPlatforms) = postSolution
		{DA71062D-9FC3-4E45-8CA9-6D78A0B1A84C}.Debug|x64.ActiveCfg = Debug|x64
		{DA71062D-9FC3-4E45-8CA9-6D78A0B1A84C}.Debug|x64.Build.0 = Debug|x64
		{DA71062D-9FC3-4E45-8CA9-6D78A0B1A84C}.Debug|x86.ActiveCfg = Debug|x64
		{DA71062D-9FC3-4E45-8CA9-6D78A0B1A84C}.Release|x64.ActiveCfg = Release|x64
		{DA71062D-9FC3-4E45-8CA9-6D78A0B1A84C}.Release|x64.Build.0 = Release|x64
		{DA71062D-9FC3-4E45-8CA9-6D78A0B1A84C}.Release|x86.ActiveCfg = Release|x64
	EndGlobalSection
	GlobalSection(SolutionProperties) = preSolution
		HideSolutionNode = FALSE
	EndGlobalSection
	GlobalSection(ExtensibilityGlobals) = postSolution
		SolutionGuid = {9C32853D-E27A-4D24-B19F-D09BF755E207}
	EndGlobalSection
EndGlobal
